
Microsoft Visual Studio Solution File, Format Version 12.00
# Visual Studio Version 17
VisualStudioVersion = 17.6.33815.320
MinimumVisualStudioVersion = 10.0.40219.1
Project("{FAE04EC0-301F-11D3-BF4B-00C04F79EFBC}") = "htmlSerializer", "htmlSerializer\htmlSerializer.csproj", "{4E6CE768-0EF8-4F7F-AB2C-A33C7AD41D5F}"
EndProject
Global
	GlobalSection(SolutionConfigurationPlatforms) = preSolution
		Debug|Any CPU = Debug|Any CPU
		Release|Any CPU = Release|Any CPU
	EndGlobalSection
	GlobalSection(ProjectConfigurationPlatforms) = postSolution
		{4E6CE768-0EF8-4F7F-AB2C-A33C7AD41D5F}.Debug|Any CPU.ActiveCfg = Debug|Any CPU
		{4E6CE768-0EF8-4F7F-AB2C-A33C7AD41D5F}.Debug|Any CPU.Build.0 = Debug|Any CPU
		{4E6CE768-0EF8-4F7F-AB2C-A33C7AD41D5F}.Release|Any CPU.ActiveCfg = Release|Any CPU
		{4E6CE768-0EF8-4F7F-AB2C-A33C7AD41D5F}.Release|Any CPU.Build.0 = Release|Any CPU
	EndGlobalSection
	GlobalSection(SolutionProperties) = preSolution
		HideSolutionNode = FALSE
	EndGlobalSection
	GlobalSection(ExtensibilityGlobals) = postSolution
		SolutionGuid = {FEA354DE-F162-4BEB-9742-79CE754719B5}
	EndGlobalSection
EndGlobal
